
Microsoft Visual Studio Solution File, Format Version 12.00
# Visual Studio Version 16
VisualStudioVersion = 16.0.30611.23
MinimumVisualStudioVersion = 10.0.40219.1
Project("{2150E333-8FDC-42A3-9474-1A3956D46DE8}") = "Application", "Application", "{90A26E6D-1CB1-483F-A3D8-419AF4C9FB31}"
EndProject
Project("{2150E333-8FDC-42A3-9474-1A3956D46DE8}") = "Domain", "Domain", "{CFCCE485-2249-4854-9E11-43BC33D60854}"
EndProject
Project("{2150E333-8FDC-42A3-9474-1A3956D46DE8}") = "Infra.IoC", "Infra.IoC", "{2F496A8E-F4D6-490E-A7EC-C5072F7D4F42}"
EndProject
Project("{2150E333-8FDC-42A3-9474-1A3956D46DE8}") = "Infra.Data", "Infra.Data", "{3216F414-1281-4064-8AC7-A2C778C2DEC4}"
EndProject
Project("{2150E333-8FDC-42A3-9474-1A3956D46DE8}") = "Presentation", "Presentation", "{0CF89C64-36A8-4822-B76F-B680B13C8413}"
EndProject
Project("{FAE04EC0-301F-11D3-BF4B-00C04F79EFBC}") = "CleanArch.Mvc", "CleanArch.Mvc\CleanArch.Mvc.csproj", "{A6B90410-D1C9-4A8E-AF3E-862E88260208}"
EndProject
Global
	GlobalSection(SolutionConfigurationPlatforms) = preSolution
		Debug|Any CPU = Debug|Any CPU
		Release|Any CPU = Release|Any CPU
	EndGlobalSection
	GlobalSection(ProjectConfigurationPlatforms) = postSolution
		{A6B90410-D1C9-4A8E-AF3E-862E88260208}.Debug|Any CPU.ActiveCfg = Debug|Any CPU
		{A6B90410-D1C9-4A8E-AF3E-862E88260208}.Debug|Any CPU.Build.0 = Debug|Any CPU
		{A6B90410-D1C9-4A8E-AF3E-862E88260208}.Release|Any CPU.ActiveCfg = Release|Any CPU
		{A6B90410-D1C9-4A8E-AF3E-862E88260208}.Release|Any CPU.Build.0 = Release|Any CPU
	EndGlobalSection
	GlobalSection(SolutionProperties) = preSolution
		HideSolutionNode = FALSE
	EndGlobalSection
	GlobalSection(NestedProjects) = preSolution
		{A6B90410-D1C9-4A8E-AF3E-862E88260208} = {0CF89C64-36A8-4822-B76F-B680B13C8413}
	EndGlobalSection
	GlobalSection(ExtensibilityGlobals) = postSolution
		SolutionGuid = {914BE277-F331-49CE-A574-D5AF3BDD46EB}
	EndGlobalSection
EndGlobal
